
Microsoft Visual Studio Solution File, Format Version 12.00
# Visual Studio Version 16
VisualStudioVersion = 16.0.30524.135
MinimumVisualStudioVersion = 10.0.40219.1
Project("{2150E333-8FDC-42A3-9474-1A3956D46DE8}") = "Simple", "Simple", "{CE662F71-153F-4DCB-A516-673A0E8C2987}"
EndProject
Project("{2150E333-8FDC-42A3-9474-1A3956D46DE8}") = "Boundaries", "Boundaries", "{67B44EBF-DF6D-4DA4-941B-F37C668706CB}"
EndProject
Project("{2150E333-8FDC-42A3-9474-1A3956D46DE8}") = "Simple", "Simple", "{5B591AA1-0029-4E6D-894A-61B69027176E}"
EndProject
Project("{9A19103F-16F7-4668-BE54-9A1E7A4F7556}") = "Simple.Domain", "..\Simple.Domain\Simple.Domain.csproj", "{98890C63-D56E-44A5-A8E0-9B0327C2B27B}"
EndProject
Project("{9A19103F-16F7-4668-BE54-9A1E7A4F7556}") = "Simple.Main", "..\Simple.Main\Simple.Main.csproj", "{4FE0B776-7990-430D-B460-8B2758F0EF03}"
EndProject
Project("{9A19103F-16F7-4668-BE54-9A1E7A4F7556}") = "Simple.Infrastructure", "..\Simple.Infrastructure\Simple.Infrastructure.csproj", "{C29F486A-E14E-4B20-870D-09E7BF1004CA}"
EndProject
Project("{9A19103F-16F7-4668-BE54-9A1E7A4F7556}") = "Simple.MainExe", "..\Simple.Main.Exe\Simple.MainExe.csproj", "{D8221F31-7E0B-435D-9365-49E3679E4027}"
EndProject
Global
	GlobalSection(SolutionConfigurationPlatforms) = preSolution
		Debug|Any CPU = Debug|Any CPU
		Release|Any CPU = Release|Any CPU
	EndGlobalSection
	GlobalSection(ProjectConfigurationPlatforms) = postSolution
		{98890C63-D56E-44A5-A8E0-9B0327C2B27B}.Debug|Any CPU.ActiveCfg = Debug|Any CPU
		{98890C63-D56E-44A5-A8E0-9B0327C2B27B}.Debug|Any CPU.Build.0 = Debug|Any CPU
		{98890C63-D56E-44A5-A8E0-9B0327C2B27B}.Release|Any CPU.ActiveCfg = Release|Any CPU
		{98890C63-D56E-44A5-A8E0-9B0327C2B27B}.Release|Any CPU.Build.0 = Release|Any CPU
		{4FE0B776-7990-430D-B460-8B2758F0EF03}.Debug|Any CPU.ActiveCfg = Debug|Any CPU
		{4FE0B776-7990-430D-B460-8B2758F0EF03}.Debug|Any CPU.Build.0 = Debug|Any CPU
		{4FE0B776-7990-430D-B460-8B2758F0EF03}.Release|Any CPU.ActiveCfg = Release|Any CPU
		{4FE0B776-7990-430D-B460-8B2758F0EF03}.Release|Any CPU.Build.0 = Release|Any CPU
		{C29F486A-E14E-4B20-870D-09E7BF1004CA}.Debug|Any CPU.ActiveCfg = Debug|Any CPU
		{C29F486A-E14E-4B20-870D-09E7BF1004CA}.Debug|Any CPU.Build.0 = Debug|Any CPU
		{C29F486A-E14E-4B20-870D-09E7BF1004CA}.Release|Any CPU.ActiveCfg = Release|Any CPU
		{C29F486A-E14E-4B20-870D-09E7BF1004CA}.Release|Any CPU.Build.0 = Release|Any CPU
		{D8221F31-7E0B-435D-9365-49E3679E4027}.Debug|Any CPU.ActiveCfg = Debug|Any CPU
		{D8221F31-7E0B-435D-9365-49E3679E4027}.Debug|Any CPU.Build.0 = Debug|Any CPU
		{D8221F31-7E0B-435D-9365-49E3679E4027}.Release|Any CPU.ActiveCfg = Release|Any CPU
		{D8221F31-7E0B-435D-9365-49E3679E4027}.Release|Any CPU.Build.0 = Release|Any CPU
	EndGlobalSection
	GlobalSection(SolutionProperties) = preSolution
		HideSolutionNode = FALSE
	EndGlobalSection
	GlobalSection(NestedProjects) = preSolution
		{67B44EBF-DF6D-4DA4-941B-F37C668706CB} = {CE662F71-153F-4DCB-A516-673A0E8C2987}
		{5B591AA1-0029-4E6D-894A-61B69027176E} = {67B44EBF-DF6D-4DA4-941B-F37C668706CB}
		{98890C63-D56E-44A5-A8E0-9B0327C2B27B} = {5B591AA1-0029-4E6D-894A-61B69027176E}
		{4FE0B776-7990-430D-B460-8B2758F0EF03} = {5B591AA1-0029-4E6D-894A-61B69027176E}
		{C29F486A-E14E-4B20-870D-09E7BF1004CA} = {5B591AA1-0029-4E6D-894A-61B69027176E}
		{D8221F31-7E0B-435D-9365-49E3679E4027} = {CE662F71-153F-4DCB-A516-673A0E8C2987}
	EndGlobalSection
	GlobalSection(ExtensibilityGlobals) = postSolution
		SolutionGuid = {489952E6-4B9B-4312-AEA6-0AAB2F20C856}
	EndGlobalSection
EndGlobal
